// !$*UTF8*$!
{
	archiveVersion = 1;
	classes = {
	};
	objectVersion = 50;
	objects = {

/* Begin PBXFileReference section */
		CA479E872885B0080069B20E /* ports */ = {isa = PBXFileReference; lastKnownFileType = text.script.sh; path = ports; sourceTree = "<group>"; };
		CA479E882885B0080069B20E /* netfilter */ = {isa = PBXFileReference; lastKnownFileType = text.script.sh; path = netfilter; sourceTree = "<group>"; };
		CA479E892885B0160069B20E /* monitor */ = {isa = PBXFileReference; lastKnownFileType = text.script.sh; path = monitor; sourceTree = "<group>"; };
/* End PBXFileReference section */

/* Begin PBXGroup section */
		CAB2DA3925E81D780067A89E = {
			isa = PBXGroup;
			children = (
				CA479E882885B0080069B20E /* netfilter */,
				CA479E872885B0080069B20E /* ports */,
				CA479E892885B0160069B20E /* monitor */,
			);
			sourceTree = "<group>";
		};
/* End PBXGroup section */

/* Begin PBXProject section */
		CAB2DA3A25E81D780067A89E /* Project object */ = {
			isa = PBXProject;
			attributes = {
				LastUpgradeCheck = 1240;
			};
			buildConfigurationList = CAB2DA3D25E81D780067A89E /* Build configuration list for PBXProject "code" */;
			compatibilityVersion = "Xcode 9.3";
			developmentRegion = en;
			hasScannedForEncodings = 0;
			knownRegions = (
				en,
				Base,
			);
			mainGroup = CAB2DA3925E81D780067A89E;
			projectDirPath = "";
			projectRoot = "";
			targets = (
			);
		};
/* End PBXProject section */

/* Begin XCBuildConfiguration section */
		CAB2DA3E25E81D780067A89E /* Debug */ = {
			isa = XCBuildConfiguration;
			buildSettings = {
			};
			name = Debug;
		};
		CAB2DA3F25E81D780067A89E /* Release */ = {
			isa = XCBuildConfiguration;
			buildSettings = {
			};
			name = Release;
		};
/* End XCBuildConfiguration section */

/* Begin XCConfigurationList section */
		CAB2DA3D25E81D780067A89E /* Build configuration list for PBXProject "code" */ = {
			isa = XCConfigurationList;
			buildConfigurations = (
				CAB2DA3E25E81D780067A89E /* Debug */,
				CAB2DA3F25E81D780067A89E /* Release */,
			);
			defaultConfigurationIsVisible = 0;
			defaultConfigurationName = Release;
		};
/* End XCConfigurationList section */
	};
	rootObject = CAB2DA3A25E81D780067A89E /* Project object */;
}
